
Microsoft Visual Studio Solution File, Format Version 12.00
# Visual Studio 2013
VisualStudioVersion = 12.0.31101.0
MinimumVisualStudioVersion = 10.0.40219.1
Project("{FAE04EC0-301F-11D3-BF4B-00C04F79EFBC}") = "DingServices", "DingServices\DingServices.csproj", "{8FA00415-A197-415B-A9EF-E70C5DA73931}"
EndProject
Project("{FAE04EC0-301F-11D3-BF4B-00C04F79EFBC}") = "DingMobileServices", "DingMobileServices\DingMobileServices.csproj", "{BC03B5F2-2FC7-4577-A432-011C7E95588F}"
EndProject
Global
	GlobalSection(SolutionConfigurationPlatforms) = preSolution
		Debug|Any CPU = Debug|Any CPU
		Release|Any CPU = Release|Any CPU
	EndGlobalSection
	GlobalSection(ProjectConfigurationPlatforms) = postSolution
		{8FA00415-A197-415B-A9EF-E70C5DA73931}.Debug|Any CPU.ActiveCfg = Debug|Any CPU
		{8FA00415-A197-415B-A9EF-E70C5DA73931}.Debug|Any CPU.Build.0 = Debug|Any CPU
		{8FA00415-A197-415B-A9EF-E70C5DA73931}.Release|Any CPU.ActiveCfg = Release|Any CPU
		{8FA00415-A197-415B-A9EF-E70C5DA73931}.Release|Any CPU.Build.0 = Release|Any CPU
		{BC03B5F2-2FC7-4577-A432-011C7E95588F}.Debug|Any CPU.ActiveCfg = Debug|Any CPU
		{BC03B5F2-2FC7-4577-A432-011C7E95588F}.Debug|Any CPU.Build.0 = Debug|Any CPU
		{BC03B5F2-2FC7-4577-A432-011C7E95588F}.Release|Any CPU.ActiveCfg = Release|Any CPU
		{BC03B5F2-2FC7-4577-A432-011C7E95588F}.Release|Any CPU.Build.0 = Release|Any CPU
	EndGlobalSection
	GlobalSection(SolutionProperties) = preSolution
		HideSolutionNode = FALSE
	EndGlobalSection
EndGlobal
